// !$*UTF8*$!
{
	archiveVersion = 1;
	classes = {
	};
	objectVersion = 46;
	objects = {

/* Begin PBXBuildFile section */
		774B0A4B1E90B23700E4CDDE /* Debug.swift in Sources */ = {isa = PBXBuildFile; fileRef = 774B0A4A1E90B23700E4CDDE /* Debug.swift */; };
		77D579121E8DEE2C0006F0E6 /* SwiftyCss.h in Headers */ = {isa = PBXBuildFile; fileRef = 77D579101E8DEE2C0006F0E6 /* SwiftyCss.h */; settings = {ATTRIBUTES = (Public, ); }; };
		77D579461E8DEFD50006F0E6 /* SwiftyNode.h in Headers */ = {isa = PBXBuildFile; fileRef = 77D579441E8DEFD50006F0E6 /* SwiftyNode.h */; settings = {ATTRIBUTES = (Public, ); }; };
		77D579531E8DEFEA0006F0E6 /* SwiftyBox.h in Headers */ = {isa = PBXBuildFile; fileRef = 77D579511E8DEFEA0006F0E6 /* SwiftyBox.h */; settings = {ATTRIBUTES = (Public, ); }; };
		77D5795E1E8DF0450006F0E6 /* Bool.swift in Sources */ = {isa = PBXBuildFile; fileRef = 77D579571E8DF0450006F0E6 /* Bool.swift */; };
		77D5795F1E8DF0450006F0E6 /* CGFloat.swift in Sources */ = {isa = PBXBuildFile; fileRef = 77D579581E8DF0450006F0E6 /* CGFloat.swift */; };
		77D579601E8DF0450006F0E6 /* Color.swift in Sources */ = {isa = PBXBuildFile; fileRef = 77D579591E8DF0450006F0E6 /* Color.swift */; };
		77D579611E8DF0450006F0E6 /* Path.swift in Sources */ = {isa = PBXBuildFile; fileRef = 77D5795A1E8DF0450006F0E6 /* Path.swift */; };
		77D579621E8DF0450006F0E6 /* Re.swift in Sources */ = {isa = PBXBuildFile; fileRef = 77D5795B1E8DF0450006F0E6 /* Re.swift */; };
		77D579631E8DF0450006F0E6 /* String.swift in Sources */ = {isa = PBXBuildFile; fileRef = 77D5795C1E8DF0450006F0E6 /* String.swift */; };
		77D579641E8DF0450006F0E6 /* Weak.swift in Sources */ = {isa = PBXBuildFile; fileRef = 77D5795D1E8DF0450006F0E6 /* Weak.swift */; };
		77D579751E8DF0610006F0E6 /* Creater.swift in Sources */ = {isa = PBXBuildFile; fileRef = 77D579661E8DF0610006F0E6 /* Creater.swift */; };
		77D579761E8DF0610006F0E6 /* Expression.swift in Sources */ = {isa = PBXBuildFile; fileRef = 77D579681E8DF0610006F0E6 /* Expression.swift */; };
		77D579771E8DF0610006F0E6 /* Pseudo.swift in Sources */ = {isa = PBXBuildFile; fileRef = 77D579691E8DF0610006F0E6 /* Pseudo.swift */; };
		77D579781E8DF0610006F0E6 /* Select.swift in Sources */ = {isa = PBXBuildFile; fileRef = 77D5796A1E8DF0610006F0E6 /* Select.swift */; };
		77D579791E8DF0610006F0E6 /* SelectRule.swift in Sources */ = {isa = PBXBuildFile; fileRef = 77D5796B1E8DF0610006F0E6 /* SelectRule.swift */; };
		77D5797A1E8DF0610006F0E6 /* Status.swift in Sources */ = {isa = PBXBuildFile; fileRef = 77D5796D1E8DF0610006F0E6 /* Status.swift */; };
		77D5797B1E8DF0610006F0E6 /* Style.swift in Sources */ = {isa = PBXBuildFile; fileRef = 77D5796E1E8DF0610006F0E6 /* Style.swift */; };
		77D5797C1E8DF0610006F0E6 /* Ticker.swift in Sources */ = {isa = PBXBuildFile; fileRef = 77D5796F1E8DF0610006F0E6 /* Ticker.swift */; };
		77D5797D1E8DF0610006F0E6 /* AtRule.swift in Sources */ = {isa = PBXBuildFile; fileRef = 77D579711E8DF0610006F0E6 /* AtRule.swift */; };
		77D5797E1E8DF0610006F0E6 /* StyleRule.swift in Sources */ = {isa = PBXBuildFile; fileRef = 77D579721E8DF0610006F0E6 /* StyleRule.swift */; };
		77D5797F1E8DF0610006F0E6 /* StyleSheet.swift in Sources */ = {isa = PBXBuildFile; fileRef = 77D579731E8DF0610006F0E6 /* StyleSheet.swift */; };
		77D579801E8DF0610006F0E6 /* Node.swift in Sources */ = {isa = PBXBuildFile; fileRef = 77D579741E8DF0610006F0E6 /* Node.swift */; };
		77D5798E1E8DF0E40006F0E6 /* CALayer.swift in Sources */ = {isa = PBXBuildFile; fileRef = 77D579821E8DF0E40006F0E6 /* CALayer.swift */; };
		77D5798F1E8DF0E40006F0E6 /* CAStyle.swift in Sources */ = {isa = PBXBuildFile; fileRef = 77D579841E8DF0E40006F0E6 /* CAStyle.swift */; };
		77D579901E8DF0E40006F0E6 /* Property.swift in Sources */ = {isa = PBXBuildFile; fileRef = 77D579851E8DF0E40006F0E6 /* Property.swift */; };
		77D579911E8DF0E40006F0E6 /* Updata.swift in Sources */ = {isa = PBXBuildFile; fileRef = 77D579861E8DF0E40006F0E6 /* Updata.swift */; };
		77D579921E8DF0E40006F0E6 /* Value.swift in Sources */ = {isa = PBXBuildFile; fileRef = 77D579871E8DF0E40006F0E6 /* Value.swift */; };
		77D579931E8DF0E40006F0E6 /* CssViewController.swift in Sources */ = {isa = PBXBuildFile; fileRef = 77D579891E8DF0E40006F0E6 /* CssViewController.swift */; };
		77D579941E8DF0E40006F0E6 /* UIView.swift in Sources */ = {isa = PBXBuildFile; fileRef = 77D5798A1E8DF0E40006F0E6 /* UIView.swift */; };
		77D579951E8DF0E40006F0E6 /* Css.swift in Sources */ = {isa = PBXBuildFile; fileRef = 77D5798B1E8DF0E40006F0E6 /* Css.swift */; };
		77D579961E8DF0E40006F0E6 /* MediaRule.swift in Sources */ = {isa = PBXBuildFile; fileRef = 77D5798C1E8DF0E40006F0E6 /* MediaRule.swift */; };
		77D579971E8DF0E40006F0E6 /* TimeLink.swift in Sources */ = {isa = PBXBuildFile; fileRef = 77D5798D1E8DF0E40006F0E6 /* TimeLink.swift */; };
		77D579981E8DF17D0006F0E6 /* SwiftyBox.framework in Frameworks */ = {isa = PBXBuildFile; fileRef = 77D5794F1E8DEFEA0006F0E6 /* SwiftyBox.framework */; };
		77D579991E8DF1810006F0E6 /* SwiftyNode.framework in Frameworks */ = {isa = PBXBuildFile; fileRef = 77D579421E8DEFD50006F0E6 /* SwiftyNode.framework */; };
		77D5799A1E8DF1890006F0E6 /* SwiftyBox.framework in Frameworks */ = {isa = PBXBuildFile; fileRef = 77D5794F1E8DEFEA0006F0E6 /* SwiftyBox.framework */; };
/* End PBXBuildFile section */

/* Begin PBXFileReference section */
		774B0A4A1E90B23700E4CDDE /* Debug.swift */ = {isa = PBXFileReference; fileEncoding = 4; lastKnownFileType = sourcecode.swift; path = Debug.swift; sourceTree = "<group>"; };
		77D5790D1E8DEE2C0006F0E6 /* SwiftyCss.framework */ = {isa = PBXFileReference; explicitFileType = wrapper.framework; includeInIndex = 0; path = SwiftyCss.framework; sourceTree = BUILT_PRODUCTS_DIR; };
		77D579101E8DEE2C0006F0E6 /* SwiftyCss.h */ = {isa = PBXFileReference; lastKnownFileType = sourcecode.c.h; path = SwiftyCss.h; sourceTree = "<group>"; };
		77D579111E8DEE2C0006F0E6 /* Info.plist */ = {isa = PBXFileReference; lastKnownFileType = text.plist.xml; path = Info.plist; sourceTree = "<group>"; };
		77D579421E8DEFD50006F0E6 /* SwiftyNode.framework */ = {isa = PBXFileReference; explicitFileType = wrapper.framework; includeInIndex = 0; path = SwiftyNode.framework; sourceTree = BUILT_PRODUCTS_DIR; };
		77D579441E8DEFD50006F0E6 /* SwiftyNode.h */ = {isa = PBXFileReference; lastKnownFileType = sourcecode.c.h; path = SwiftyNode.h; sourceTree = "<group>"; };
		77D579451E8DEFD50006F0E6 /* Info.plist */ = {isa = PBXFileReference; lastKnownFileType = text.plist.xml; path = Info.plist; sourceTree = "<group>"; };
		77D5794F1E8DEFEA0006F0E6 /* SwiftyBox.framework */ = {isa = PBXFileReference; explicitFileType = wrapper.framework; includeInIndex = 0; path = SwiftyBox.framework; sourceTree = BUILT_PRODUCTS_DIR; };
		77D579511E8DEFEA0006F0E6 /* SwiftyBox.h */ = {isa = PBXFileReference; lastKnownFileType = sourcecode.c.h; path = SwiftyBox.h; sourceTree = "<group>"; };
		77D579521E8DEFEA0006F0E6 /* Info.plist */ = {isa = PBXFileReference; lastKnownFileType = text.plist.xml; path = Info.plist; sourceTree = "<group>"; };
		77D579571E8DF0450006F0E6 /* Bool.swift */ = {isa = PBXFileReference; fileEncoding = 4; lastKnownFileType = sourcecode.swift; path = Bool.swift; sourceTree = "<group>"; };
		77D579581E8DF0450006F0E6 /* CGFloat.swift */ = {isa = PBXFileReference; fileEncoding = 4; lastKnownFileType = sourcecode.swift; path = CGFloat.swift; sourceTree = "<group>"; };
		77D579591E8DF0450006F0E6 /* Color.swift */ = {isa = PBXFileReference; fileEncoding = 4; lastKnownFileType = sourcecode.swift; path = Color.swift; sourceTree = "<group>"; };
		77D5795A1E8DF0450006F0E6 /* Path.swift */ = {isa = PBXFileReference; fileEncoding = 4; lastKnownFileType = sourcecode.swift; path = Path.swift; sourceTree = "<group>"; };
		77D5795B1E8DF0450006F0E6 /* Re.swift */ = {isa = PBXFileReference; fileEncoding = 4; lastKnownFileType = sourcecode.swift; path = Re.swift; sourceTree = "<group>"; };
		77D5795C1E8DF0450006F0E6 /* String.swift */ = {isa = PBXFileReference; fileEncoding = 4; lastKnownFileType = sourcecode.swift; path = String.swift; sourceTree = "<group>"; };
		77D5795D1E8DF0450006F0E6 /* Weak.swift */ = {isa = PBXFileReference; fileEncoding = 4; lastKnownFileType = sourcecode.swift; path = Weak.swift; sourceTree = "<group>"; };
		77D579661E8DF0610006F0E6 /* Creater.swift */ = {isa = PBXFileReference; fileEncoding = 4; lastKnownFileType = sourcecode.swift; path = Creater.swift; sourceTree = "<group>"; };
		77D579681E8DF0610006F0E6 /* Expression.swift */ = {isa = PBXFileReference; fileEncoding = 4; lastKnownFileType = sourcecode.swift; path = Expression.swift; sourceTree = "<group>"; };
		77D579691E8DF0610006F0E6 /* Pseudo.swift */ = {isa = PBXFileReference; fileEncoding = 4; lastKnownFileType = sourcecode.swift; path = Pseudo.swift; sourceTree = "<group>"; };
		77D5796A1E8DF0610006F0E6 /* Select.swift */ = {isa = PBXFileReference; fileEncoding = 4; lastKnownFileType = sourcecode.swift; path = Select.swift; sourceTree = "<group>"; };
		77D5796B1E8DF0610006F0E6 /* SelectRule.swift */ = {isa = PBXFileReference; fileEncoding = 4; lastKnownFileType = sourcecode.swift; path = SelectRule.swift; sourceTree = "<group>"; };
		77D5796D1E8DF0610006F0E6 /* Status.swift */ = {isa = PBXFileReference; fileEncoding = 4; lastKnownFileType = sourcecode.swift; path = Status.swift; sourceTree = "<group>"; };
		77D5796E1E8DF0610006F0E6 /* Style.swift */ = {isa = PBXFileReference; fileEncoding = 4; lastKnownFileType = sourcecode.swift; path = Style.swift; sourceTree = "<group>"; };
		77D5796F1E8DF0610006F0E6 /* Ticker.swift */ = {isa = PBXFileReference; fileEncoding = 4; lastKnownFileType = sourcecode.swift; path = Ticker.swift; sourceTree = "<group>"; };
		77D579711E8DF0610006F0E6 /* AtRule.swift */ = {isa = PBXFileReference; fileEncoding = 4; lastKnownFileType = sourcecode.swift; path = AtRule.swift; sourceTree = "<group>"; };
		77D579721E8DF0610006F0E6 /* StyleRule.swift */ = {isa = PBXFileReference; fileEncoding = 4; lastKnownFileType = sourcecode.swift; path = StyleRule.swift; sourceTree = "<group>"; };
		77D579731E8DF0610006F0E6 /* StyleSheet.swift */ = {isa = PBXFileReference; fileEncoding = 4; lastKnownFileType = sourcecode.swift; path = StyleSheet.swift; sourceTree = "<group>"; };
		77D579741E8DF0610006F0E6 /* Node.swift */ = {isa = PBXFileReference; fileEncoding = 4; lastKnownFileType = sourcecode.swift; path = Node.swift; sourceTree = "<group>"; };
		77D579821E8DF0E40006F0E6 /* CALayer.swift */ = {isa = PBXFileReference; fileEncoding = 4; lastKnownFileType = sourcecode.swift; path = CALayer.swift; sourceTree = "<group>"; };
		77D579841E8DF0E40006F0E6 /* CAStyle.swift */ = {isa = PBXFileReference; fileEncoding = 4; lastKnownFileType = sourcecode.swift; path = CAStyle.swift; sourceTree = "<group>"; };
		77D579851E8DF0E40006F0E6 /* Property.swift */ = {isa = PBXFileReference; fileEncoding = 4; lastKnownFileType = sourcecode.swift; path = Property.swift; sourceTree = "<group>"; };
		77D579861E8DF0E40006F0E6 /* Updata.swift */ = {isa = PBXFileReference; fileEncoding = 4; lastKnownFileType = sourcecode.swift; path = Updata.swift; sourceTree = "<group>"; };
		77D579871E8DF0E40006F0E6 /* Value.swift */ = {isa = PBXFileReference; fileEncoding = 4; lastKnownFileType = sourcecode.swift; path = Value.swift; sourceTree = "<group>"; };
		77D579891E8DF0E40006F0E6 /* CssViewController.swift */ = {isa = PBXFileReference; fileEncoding = 4; lastKnownFileType = sourcecode.swift; path = CssViewController.swift; sourceTree = "<group>"; };
		77D5798A1E8DF0E40006F0E6 /* UIView.swift */ = {isa = PBXFileReference; fileEncoding = 4; lastKnownFileType = sourcecode.swift; path = UIView.swift; sourceTree = "<group>"; };
		77D5798B1E8DF0E40006F0E6 /* Css.swift */ = {isa = PBXFileReference; fileEncoding = 4; lastKnownFileType = sourcecode.swift; path = Css.swift; sourceTree = "<group>"; };
		77D5798C1E8DF0E40006F0E6 /* MediaRule.swift */ = {isa = PBXFileReference; fileEncoding = 4; lastKnownFileType = sourcecode.swift; path = MediaRule.swift; sourceTree = "<group>"; };
		77D5798D1E8DF0E40006F0E6 /* TimeLink.swift */ = {isa = PBXFileReference; fileEncoding = 4; lastKnownFileType = sourcecode.swift; path = TimeLink.swift; sourceTree = "<group>"; };
/* End PBXFileReference section */

/* Begin PBXFrameworksBuildPhase section */
		77D579091E8DEE2C0006F0E6 /* Frameworks */ = {
			isa = PBXFrameworksBuildPhase;
			buildActionMask = 2147483647;
			files = (
				77D579991E8DF1810006F0E6 /* SwiftyNode.framework in Frameworks */,
				77D579981E8DF17D0006F0E6 /* SwiftyBox.framework in Frameworks */,
			);
			runOnlyForDeploymentPostprocessing = 0;
		};
		77D5793E1E8DEFD50006F0E6 /* Frameworks */ = {
			isa = PBXFrameworksBuildPhase;
			buildActionMask = 2147483647;
			files = (
				77D5799A1E8DF1890006F0E6 /* SwiftyBox.framework in Frameworks */,
			);
			runOnlyForDeploymentPostprocessing = 0;
		};
		77D5794B1E8DEFEA0006F0E6 /* Frameworks */ = {
			isa = PBXFrameworksBuildPhase;
			buildActionMask = 2147483647;
			files = (
			);
			runOnlyForDeploymentPostprocessing = 0;
		};
/* End PBXFrameworksBuildPhase section */

/* Begin PBXGroup section */
		77D579031E8DEE2C0006F0E6 = {
			isa = PBXGroup;
			children = (
				77D5790F1E8DEE2C0006F0E6 /* SwiftyCss */,
				77D579431E8DEFD50006F0E6 /* SwiftyNode */,
				77D579501E8DEFEA0006F0E6 /* SwiftyBox */,
				77D5790E1E8DEE2C0006F0E6 /* Products */,
			);
			sourceTree = "<group>";
		};
		77D5790E1E8DEE2C0006F0E6 /* Products */ = {
			isa = PBXGroup;
			children = (
				77D5790D1E8DEE2C0006F0E6 /* SwiftyCss.framework */,
				77D579421E8DEFD50006F0E6 /* SwiftyNode.framework */,
				77D5794F1E8DEFEA0006F0E6 /* SwiftyBox.framework */,
			);
			name = Products;
			sourceTree = "<group>";
		};
		77D5790F1E8DEE2C0006F0E6 /* SwiftyCss */ = {
			isa = PBXGroup;
			children = (
				77D579811E8DF0E40006F0E6 /* CALayer */,
				77D579831E8DF0E40006F0E6 /* CAStyle */,
				77D579881E8DF0E40006F0E6 /* UIView */,
				77D5798B1E8DF0E40006F0E6 /* Css.swift */,
				77D5798C1E8DF0E40006F0E6 /* MediaRule.swift */,
				77D5798D1E8DF0E40006F0E6 /* TimeLink.swift */,
				77D579101E8DEE2C0006F0E6 /* SwiftyCss.h */,
				77D579111E8DEE2C0006F0E6 /* Info.plist */,
			);
			path = SwiftyCss;
			sourceTree = "<group>";
		};
		77D579431E8DEFD50006F0E6 /* SwiftyNode */ = {
			isa = PBXGroup;
			children = (
				77D579651E8DF0610006F0E6 /* Creater */,
				77D579671E8DF0610006F0E6 /* Selector */,
				77D579701E8DF0610006F0E6 /* StyleSheet */,
				77D5796C1E8DF0610006F0E6 /* Style */,
				77D579741E8DF0610006F0E6 /* Node.swift */,
				77D579441E8DEFD50006F0E6 /* SwiftyNode.h */,
				77D579451E8DEFD50006F0E6 /* Info.plist */,
			);
			path = SwiftyNode;
			sourceTree = "<group>";
		};
		77D579501E8DEFEA0006F0E6 /* SwiftyBox */ = {
			isa = PBXGroup;
			children = (
				774B0A4A1E90B23700E4CDDE /* Debug.swift */,
				77D579571E8DF0450006F0E6 /* Bool.swift */,
				77D579581E8DF0450006F0E6 /* CGFloat.swift */,
				77D579591E8DF0450006F0E6 /* Color.swift */,
				77D5795A1E8DF0450006F0E6 /* Path.swift */,
				77D5795B1E8DF0450006F0E6 /* Re.swift */,
				77D5795C1E8DF0450006F0E6 /* String.swift */,
				77D5795D1E8DF0450006F0E6 /* Weak.swift */,
				77D579511E8DEFEA0006F0E6 /* SwiftyBox.h */,
				77D579521E8DEFEA0006F0E6 /* Info.plist */,
			);
			path = SwiftyBox;
			sourceTree = "<group>";
		};
		77D579651E8DF0610006F0E6 /* Creater */ = {
			isa = PBXGroup;
			children = (
				77D579661E8DF0610006F0E6 /* Creater.swift */,
			);
			path = Creater;
			sourceTree = "<group>";
		};
		77D579671E8DF0610006F0E6 /* Selector */ = {
			isa = PBXGroup;
			children = (
				77D5796A1E8DF0610006F0E6 /* Select.swift */,
				77D5796B1E8DF0610006F0E6 /* SelectRule.swift */,
				77D579691E8DF0610006F0E6 /* Pseudo.swift */,
				77D579681E8DF0610006F0E6 /* Expression.swift */,
			);
			path = Selector;
			sourceTree = "<group>";
		};
		77D5796C1E8DF0610006F0E6 /* Style */ = {
			isa = PBXGroup;
			children = (
				77D5796D1E8DF0610006F0E6 /* Status.swift */,
				77D5796E1E8DF0610006F0E6 /* Style.swift */,
				77D5796F1E8DF0610006F0E6 /* Ticker.swift */,
			);
			path = Style;
			sourceTree = "<group>";
		};
		77D579701E8DF0610006F0E6 /* StyleSheet */ = {
			isa = PBXGroup;
			children = (
				77D579731E8DF0610006F0E6 /* StyleSheet.swift */,
				77D579721E8DF0610006F0E6 /* StyleRule.swift */,
				77D579711E8DF0610006F0E6 /* AtRule.swift */,
			);
			path = StyleSheet;
			sourceTree = "<group>";
		};
		77D579811E8DF0E40006F0E6 /* CALayer */ = {
			isa = PBXGroup;
			children = (
				77D579821E8DF0E40006F0E6 /* CALayer.swift */,
			);
			path = CALayer;
			sourceTree = "<group>";
		};
		77D579831E8DF0E40006F0E6 /* CAStyle */ = {
			isa = PBXGroup;
			children = (
				77D579841E8DF0E40006F0E6 /* CAStyle.swift */,
				77D579851E8DF0E40006F0E6 /* Property.swift */,
				77D579861E8DF0E40006F0E6 /* Updata.swift */,
				77D579871E8DF0E40006F0E6 /* Value.swift */,
			);
			path = CAStyle;
			sourceTree = "<group>";
		};
		77D579881E8DF0E40006F0E6 /* UIView */ = {
			isa = PBXGroup;
			children = (
				77D579891E8DF0E40006F0E6 /* CssViewController.swift */,
				77D5798A1E8DF0E40006F0E6 /* UIView.swift */,
			);
			path = UIView;
			sourceTree = "<group>";
		};
/* End PBXGroup section */

/* Begin PBXHeadersBuildPhase section */
		77D5790A1E8DEE2C0006F0E6 /* Headers */ = {
			isa = PBXHeadersBuildPhase;
			buildActionMask = 2147483647;
			files = (
				77D579121E8DEE2C0006F0E6 /* SwiftyCss.h in Headers */,
			);
			runOnlyForDeploymentPostprocessing = 0;
		};
		77D5793F1E8DEFD50006F0E6 /* Headers */ = {
			isa = PBXHeadersBuildPhase;
			buildActionMask = 2147483647;
			files = (
				77D579461E8DEFD50006F0E6 /* SwiftyNode.h in Headers */,
			);
			runOnlyForDeploymentPostprocessing = 0;
		};
		77D5794C1E8DEFEA0006F0E6 /* Headers */ = {
			isa = PBXHeadersBuildPhase;
			buildActionMask = 2147483647;
			files = (
				77D579531E8DEFEA0006F0E6 /* SwiftyBox.h in Headers */,
			);
			runOnlyForDeploymentPostprocessing = 0;
		};
/* End PBXHeadersBuildPhase section */

/* Begin PBXNativeTarget section */
		77D5790C1E8DEE2C0006F0E6 /* SwiftyCss */ = {
			isa = PBXNativeTarget;
			buildConfigurationList = 77D579151E8DEE2C0006F0E6 /* Build configuration list for PBXNativeTarget "SwiftyCss" */;
			buildPhases = (
				77D579081E8DEE2C0006F0E6 /* Sources */,
				77D579091E8DEE2C0006F0E6 /* Frameworks */,
				77D5790A1E8DEE2C0006F0E6 /* Headers */,
				77D5790B1E8DEE2C0006F0E6 /* Resources */,
			);
			buildRules = (
			);
			dependencies = (
			);
			name = SwiftyCss;
			productName = SwiftyCss;
			productReference = 77D5790D1E8DEE2C0006F0E6 /* SwiftyCss.framework */;
			productType = "com.apple.product-type.framework";
		};
		77D579411E8DEFD50006F0E6 /* SwiftyNode */ = {
			isa = PBXNativeTarget;
			buildConfigurationList = 77D579471E8DEFD50006F0E6 /* Build configuration list for PBXNativeTarget "SwiftyNode" */;
			buildPhases = (
				77D5793D1E8DEFD50006F0E6 /* Sources */,
				77D5793E1E8DEFD50006F0E6 /* Frameworks */,
				77D5793F1E8DEFD50006F0E6 /* Headers */,
				77D579401E8DEFD50006F0E6 /* Resources */,
			);
			buildRules = (
			);
			dependencies = (
			);
			name = SwiftyNode;
			productName = SwiftyNode;
			productReference = 77D579421E8DEFD50006F0E6 /* SwiftyNode.framework */;
			productType = "com.apple.product-type.framework";
		};
		77D5794E1E8DEFEA0006F0E6 /* SwiftyBox */ = {
			isa = PBXNativeTarget;
			buildConfigurationList = 77D579541E8DEFEA0006F0E6 /* Build configuration list for PBXNativeTarget "SwiftyBox" */;
			buildPhases = (
				77D5794A1E8DEFEA0006F0E6 /* Sources */,
				77D5794B1E8DEFEA0006F0E6 /* Frameworks */,
				77D5794C1E8DEFEA0006F0E6 /* Headers */,
				77D5794D1E8DEFEA0006F0E6 /* Resources */,
			);
			buildRules = (
			);
			dependencies = (
			);
			name = SwiftyBox;
			productName = SwiftyBox;
			productReference = 77D5794F1E8DEFEA0006F0E6 /* SwiftyBox.framework */;
			productType = "com.apple.product-type.framework";
		};
/* End PBXNativeTarget section */

/* Begin PBXProject section */
		77D579041E8DEE2C0006F0E6 /* Project object */ = {
			isa = PBXProject;
			attributes = {
				LastUpgradeCheck = 0830;
				ORGANIZATIONNAME = "Wang Liang";
				TargetAttributes = {
					77D5790C1E8DEE2C0006F0E6 = {
						CreatedOnToolsVersion = 8.3;
						DevelopmentTeam = 6B2LPDF2SS;
						LastSwiftMigration = 0830;
						ProvisioningStyle = Automatic;
					};
					77D579411E8DEFD50006F0E6 = {
						CreatedOnToolsVersion = 8.3;
						DevelopmentTeam = 6B2LPDF2SS;
						LastSwiftMigration = 0830;
						ProvisioningStyle = Automatic;
					};
					77D5794E1E8DEFEA0006F0E6 = {
						CreatedOnToolsVersion = 8.3;
						DevelopmentTeam = 6B2LPDF2SS;
						LastSwiftMigration = 0830;
						ProvisioningStyle = Automatic;
					};
				};
			};
			buildConfigurationList = 77D579071E8DEE2C0006F0E6 /* Build configuration list for PBXProject "SwiftyCss" */;
			compatibilityVersion = "Xcode 3.2";
			developmentRegion = English;
			hasScannedForEncodings = 0;
			knownRegions = (
				en,
			);
			mainGroup = 77D579031E8DEE2C0006F0E6;
			productRefGroup = 77D5790E1E8DEE2C0006F0E6 /* Products */;
			projectDirPath = "";
			projectRoot = "";
			targets = (
				77D5790C1E8DEE2C0006F0E6 /* SwiftyCss */,
				77D579411E8DEFD50006F0E6 /* SwiftyNode */,
				77D5794E1E8DEFEA0006F0E6 /* SwiftyBox */,
			);
		};
/* End PBXProject section */

/* Begin PBXResourcesBuildPhase section */
		77D5790B1E8DEE2C0006F0E6 /* Resources */ = {
			isa = PBXResourcesBuildPhase;
			buildActionMask = 2147483647;
			files = (
			);
			runOnlyForDeploymentPostprocessing = 0;
		};
		77D579401E8DEFD50006F0E6 /* Resources */ = {
			isa = PBXResourcesBuildPhase;
			buildActionMask = 2147483647;
			files = (
			);
			runOnlyForDeploymentPostprocessing = 0;
		};
		77D5794D1E8DEFEA0006F0E6 /* Resources */ = {
			isa = PBXResourcesBuildPhase;
			buildActionMask = 2147483647;
			files = (
			);
			runOnlyForDeploymentPostprocessing = 0;
		};
/* End PBXResourcesBuildPhase section */

/* Begin PBXSourcesBuildPhase section */
		77D579081E8DEE2C0006F0E6 /* Sources */ = {
			isa = PBXSourcesBuildPhase;
			buildActionMask = 2147483647;
			files = (
				77D5798F1E8DF0E40006F0E6 /* CAStyle.swift in Sources */,
				77D579921E8DF0E40006F0E6 /* Value.swift in Sources */,
				77D579901E8DF0E40006F0E6 /* Property.swift in Sources */,
				77D579911E8DF0E40006F0E6 /* Updata.swift in Sources */,
				77D5798E1E8DF0E40006F0E6 /* CALayer.swift in Sources */,
				77D579931E8DF0E40006F0E6 /* CssViewController.swift in Sources */,
				77D579941E8DF0E40006F0E6 /* UIView.swift in Sources */,
				77D579951E8DF0E40006F0E6 /* Css.swift in Sources */,
				77D579961E8DF0E40006F0E6 /* MediaRule.swift in Sources */,
				77D579971E8DF0E40006F0E6 /* TimeLink.swift in Sources */,
			);
			runOnlyForDeploymentPostprocessing = 0;
		};
		77D5793D1E8DEFD50006F0E6 /* Sources */ = {
			isa = PBXSourcesBuildPhase;
			buildActionMask = 2147483647;
			files = (
				77D579781E8DF0610006F0E6 /* Select.swift in Sources */,
				77D579791E8DF0610006F0E6 /* SelectRule.swift in Sources */,
				77D579771E8DF0610006F0E6 /* Pseudo.swift in Sources */,
				77D579761E8DF0610006F0E6 /* Expression.swift in Sources */,
				77D5797B1E8DF0610006F0E6 /* Style.swift in Sources */,
				77D5797A1E8DF0610006F0E6 /* Status.swift in Sources */,
				77D5797C1E8DF0610006F0E6 /* Ticker.swift in Sources */,
				77D5797F1E8DF0610006F0E6 /* StyleSheet.swift in Sources */,
				77D5797E1E8DF0610006F0E6 /* StyleRule.swift in Sources */,
				77D5797D1E8DF0610006F0E6 /* AtRule.swift in Sources */,
				77D579801E8DF0610006F0E6 /* Node.swift in Sources */,
				77D579751E8DF0610006F0E6 /* Creater.swift in Sources */,
			);
			runOnlyForDeploymentPostprocessing = 0;
		};
		77D5794A1E8DEFEA0006F0E6 /* Sources */ = {
			isa = PBXSourcesBuildPhase;
			buildActionMask = 2147483647;
			files = (
				77D579631E8DF0450006F0E6 /* String.swift in Sources */,
				77D5795F1E8DF0450006F0E6 /* CGFloat.swift in Sources */,
				77D5795E1E8DF0450006F0E6 /* Bool.swift in Sources */,
				77D579611E8DF0450006F0E6 /* Path.swift in Sources */,
				77D579621E8DF0450006F0E6 /* Re.swift in Sources */,
				774B0A4B1E90B23700E4CDDE /* Debug.swift in Sources */,
				77D579601E8DF0450006F0E6 /* Color.swift in Sources */,
				77D579641E8DF0450006F0E6 /* Weak.swift in Sources */,
			);
			runOnlyForDeploymentPostprocessing = 0;
		};
/* End PBXSourcesBuildPhase section */

/* Begin XCBuildConfiguration section */
		77D579131E8DEE2C0006F0E6 /* Debug */ = {
			isa = XCBuildConfiguration;
			buildSettings = {
				ALWAYS_SEARCH_USER_PATHS = NO;
				CLANG_ANALYZER_NONNULL = YES;
				CLANG_ANALYZER_NUMBER_OBJECT_CONVERSION = YES_AGGRESSIVE;
				CLANG_CXX_LANGUAGE_STANDARD = "gnu++0x";
				CLANG_CXX_LIBRARY = "libc++";
				CLANG_ENABLE_MODULES = YES;
				CLANG_ENABLE_OBJC_ARC = YES;
				CLANG_WARN_BOOL_CONVERSION = YES;
				CLANG_WARN_CONSTANT_CONVERSION = YES;
				CLANG_WARN_DIRECT_OBJC_ISA_USAGE = YES_ERROR;
				CLANG_WARN_DOCUMENTATION_COMMENTS = YES;
				CLANG_WARN_EMPTY_BODY = YES;
				CLANG_WARN_ENUM_CONVERSION = YES;
				CLANG_WARN_INFINITE_RECURSION = YES;
				CLANG_WARN_INT_CONVERSION = YES;
				CLANG_WARN_OBJC_ROOT_CLASS = YES_ERROR;
				CLANG_WARN_SUSPICIOUS_MOVE = YES;
				CLANG_WARN_UNREACHABLE_CODE = YES;
				CLANG_WARN__DUPLICATE_METHOD_MATCH = YES;
				"CODE_SIGN_IDENTITY[sdk=iphoneos*]" = "iPhone Developer";
				COPY_PHASE_STRIP = NO;
				CURRENT_PROJECT_VERSION = 1;
				DEBUG_INFORMATION_FORMAT = dwarf;
				ENABLE_STRICT_OBJC_MSGSEND = YES;
				ENABLE_TESTABILITY = YES;
				GCC_C_LANGUAGE_STANDARD = gnu99;
				GCC_DYNAMIC_NO_PIC = NO;
				GCC_NO_COMMON_BLOCKS = YES;
				GCC_OPTIMIZATION_LEVEL = 0;
				GCC_PREPROCESSOR_DEFINITIONS = (
					"DEBUG=1",
					"$(inherited)",
				);
				GCC_WARN_64_TO_32_BIT_CONVERSION = YES;
				GCC_WARN_ABOUT_RETURN_TYPE = YES_ERROR;
				GCC_WARN_UNDECLARED_SELECTOR = YES;
				GCC_WARN_UNINITIALIZED_AUTOS = YES_AGGRESSIVE;
				GCC_WARN_UNUSED_FUNCTION = YES;
				GCC_WARN_UNUSED_VARIABLE = YES;
				IPHONEOS_DEPLOYMENT_TARGET = 10.3;
				MTL_ENABLE_DEBUG_INFO = YES;
				ONLY_ACTIVE_ARCH = YES;
				SDKROOT = iphoneos;
				SWIFT_ACTIVE_COMPILATION_CONDITIONS = DEBUG;
				SWIFT_OPTIMIZATION_LEVEL = "-Onone";
				TARGETED_DEVICE_FAMILY = "1,2";
				VERSIONING_SYSTEM = "apple-generic";
				VERSION_INFO_PREFIX = "";
			};
			name = Debug;
		};
		77D579141E8DEE2C0006F0E6 /* Release */ = {
			isa = XCBuildConfiguration;
			buildSettings = {
				ALWAYS_SEARCH_USER_PATHS = NO;
				CLANG_ANALYZER_NONNULL = YES;
				CLANG_ANALYZER_NUMBER_OBJECT_CONVERSION = YES_AGGRESSIVE;
				CLANG_CXX_LANGUAGE_STANDARD = "gnu++0x";
				CLANG_CXX_LIBRARY = "libc++";
				CLANG_ENABLE_MODULES = YES;
				CLANG_ENABLE_OBJC_ARC = YES;
				CLANG_WARN_BOOL_CONVERSION = YES;
				CLANG_WARN_CONSTANT_CONVERSION = YES;
				CLANG_WARN_DIRECT_OBJC_ISA_USAGE = YES_ERROR;
				CLANG_WARN_DOCUMENTATION_COMMENTS = YES;
				CLANG_WARN_EMPTY_BODY = YES;
				CLANG_WARN_ENUM_CONVERSION = YES;
				CLANG_WARN_INFINITE_RECURSION = YES;
				CLANG_WARN_INT_CONVERSION = YES;
				CLANG_WARN_OBJC_ROOT_CLASS = YES_ERROR;
				CLANG_WARN_SUSPICIOUS_MOVE = YES;
				CLANG_WARN_UNREACHABLE_CODE = YES;
				CLANG_WARN__DUPLICATE_METHOD_MATCH = YES;
				"CODE_SIGN_IDENTITY[sdk=iphoneos*]" = "iPhone Developer";
				COPY_PHASE_STRIP = NO;
				CURRENT_PROJECT_VERSION = 1;
				DEBUG_INFORMATION_FORMAT = "dwarf-with-dsym";
				ENABLE_NS_ASSERTIONS = NO;
				ENABLE_STRICT_OBJC_MSGSEND = YES;
				GCC_C_LANGUAGE_STANDARD = gnu99;
				GCC_NO_COMMON_BLOCKS = YES;
				GCC_WARN_64_TO_32_BIT_CONVERSION = YES;
				GCC_WARN_ABOUT_RETURN_TYPE = YES_ERROR;
				GCC_WARN_UNDECLARED_SELECTOR = YES;
				GCC_WARN_UNINITIALIZED_AUTOS = YES_AGGRESSIVE;
				GCC_WARN_UNUSED_FUNCTION = YES;
				GCC_WARN_UNUSED_VARIABLE = YES;
				IPHONEOS_DEPLOYMENT_TARGET = 10.3;
				MTL_ENABLE_DEBUG_INFO = NO;
				SDKROOT = iphoneos;
				SWIFT_OPTIMIZATION_LEVEL = "-Owholemodule";
				TARGETED_DEVICE_FAMILY = "1,2";
				VALIDATE_PRODUCT = YES;
				VERSIONING_SYSTEM = "apple-generic";
				VERSION_INFO_PREFIX = "";
			};
			name = Release;
		};
		77D579161E8DEE2C0006F0E6 /* Debug */ = {
			isa = XCBuildConfiguration;
			buildSettings = {
				CLANG_ENABLE_MODULES = YES;
				CODE_SIGN_IDENTITY = "";
				DEFINES_MODULE = YES;
				DEVELOPMENT_TEAM = 6B2LPDF2SS;
				DYLIB_COMPATIBILITY_VERSION = 1;
				DYLIB_CURRENT_VERSION = 1;
				DYLIB_INSTALL_NAME_BASE = "@rpath";
				INFOPLIST_FILE = SwiftyCss/Info.plist;
				INSTALL_PATH = "$(LOCAL_LIBRARY_DIR)/Frameworks";
				IPHONEOS_DEPLOYMENT_TARGET = 9.0;
				LD_RUNPATH_SEARCH_PATHS = "$(inherited) @executable_path/Frameworks @loader_path/Frameworks";
				PRODUCT_BUNDLE_IDENTIFIER = com.wl.SwiftyCss;
				PRODUCT_NAME = "$(TARGET_NAME)";
				SKIP_INSTALL = YES;
				SWIFT_OPTIMIZATION_LEVEL = "-Onone";
				SWIFT_VERSION = 3.0;
			};
			name = Debug;
		};
		77D579171E8DEE2C0006F0E6 /* Release */ = {
			isa = XCBuildConfiguration;
			buildSettings = {
				CLANG_ENABLE_MODULES = YES;
				CODE_SIGN_IDENTITY = "";
				DEFINES_MODULE = YES;
				DEVELOPMENT_TEAM = 6B2LPDF2SS;
				DYLIB_COMPATIBILITY_VERSION = 1;
				DYLIB_CURRENT_VERSION = 1;
				DYLIB_INSTALL_NAME_BASE = "@rpath";
				INFOPLIST_FILE = SwiftyCss/Info.plist;
				INSTALL_PATH = "$(LOCAL_LIBRARY_DIR)/Frameworks";
				IPHONEOS_DEPLOYMENT_TARGET = 9.0;
				LD_RUNPATH_SEARCH_PATHS = "$(inherited) @executable_path/Frameworks @loader_path/Frameworks";
				PRODUCT_BUNDLE_IDENTIFIER = com.wl.SwiftyCss;
				PRODUCT_NAME = "$(TARGET_NAME)";
				SKIP_INSTALL = YES;
				SWIFT_VERSION = 3.0;
			};
			name = Release;
		};
		77D579481E8DEFD50006F0E6 /* Debug */ = {
			isa = XCBuildConfiguration;
			buildSettings = {
				CLANG_ENABLE_MODULES = YES;
				CODE_SIGN_IDENTITY = "";
				DEFINES_MODULE = YES;
				DEVELOPMENT_TEAM = 6B2LPDF2SS;
				DYLIB_COMPATIBILITY_VERSION = 1;
				DYLIB_CURRENT_VERSION = 1;
				DYLIB_INSTALL_NAME_BASE = "@rpath";
				INFOPLIST_FILE = SwiftyNode/Info.plist;
				INSTALL_PATH = "$(LOCAL_LIBRARY_DIR)/Frameworks";
				IPHONEOS_DEPLOYMENT_TARGET = 9.0;
				LD_RUNPATH_SEARCH_PATHS = "$(inherited) @executable_path/Frameworks @loader_path/Frameworks";
				PRODUCT_BUNDLE_IDENTIFIER = com.wl.SwiftyNode;
				PRODUCT_NAME = "$(TARGET_NAME)";
				SKIP_INSTALL = YES;
				SWIFT_OPTIMIZATION_LEVEL = "-Onone";
				SWIFT_VERSION = 3.0;
			};
			name = Debug;
		};
		77D579491E8DEFD50006F0E6 /* Release */ = {
			isa = XCBuildConfiguration;
			buildSettings = {
				CLANG_ENABLE_MODULES = YES;
				CODE_SIGN_IDENTITY = "";
				DEFINES_MODULE = YES;
				DEVELOPMENT_TEAM = 6B2LPDF2SS;
				DYLIB_COMPATIBILITY_VERSION = 1;
				DYLIB_CURRENT_VERSION = 1;
				DYLIB_INSTALL_NAME_BASE = "@rpath";
				INFOPLIST_FILE = SwiftyNode/Info.plist;
				INSTALL_PATH = "$(LOCAL_LIBRARY_DIR)/Frameworks";
				IPHONEOS_DEPLOYMENT_TARGET = 9.0;
				LD_RUNPATH_SEARCH_PATHS = "$(inherited) @executable_path/Frameworks @loader_path/Frameworks";
				PRODUCT_BUNDLE_IDENTIFIER = com.wl.SwiftyNode;
				PRODUCT_NAME = "$(TARGET_NAME)";
				SKIP_INSTALL = YES;
				SWIFT_VERSION = 3.0;
			};
			name = Release;
		};
		77D579551E8DEFEA0006F0E6 /* Debug */ = {
			isa = XCBuildConfiguration;
			buildSettings = {
				CLANG_ENABLE_MODULES = YES;
				CODE_SIGN_IDENTITY = "";
				DEFINES_MODULE = YES;
				DEVELOPMENT_TEAM = 6B2LPDF2SS;
				DYLIB_COMPATIBILITY_VERSION = 1;
				DYLIB_CURRENT_VERSION = 1;
				DYLIB_INSTALL_NAME_BASE = "@rpath";
				INFOPLIST_FILE = SwiftyBox/Info.plist;
				INSTALL_PATH = "$(LOCAL_LIBRARY_DIR)/Frameworks";
				IPHONEOS_DEPLOYMENT_TARGET = 9.0;
				LD_RUNPATH_SEARCH_PATHS = "$(inherited) @executable_path/Frameworks @loader_path/Frameworks";
				PRODUCT_BUNDLE_IDENTIFIER = com.wl.SwiftyBox;
				PRODUCT_NAME = "$(TARGET_NAME)";
				SKIP_INSTALL = YES;
				SWIFT_OPTIMIZATION_LEVEL = "-Onone";
				SWIFT_VERSION = 3.0;
			};
			name = Debug;
		};
		77D579561E8DEFEA0006F0E6 /* Release */ = {
			isa = XCBuildConfiguration;
			buildSettings = {
				CLANG_ENABLE_MODULES = YES;
				CODE_SIGN_IDENTITY = "";
				DEFINES_MODULE = YES;
				DEVELOPMENT_TEAM = 6B2LPDF2SS;
				DYLIB_COMPATIBILITY_VERSION = 1;
				DYLIB_CURRENT_VERSION = 1;
				DYLIB_INSTALL_NAME_BASE = "@rpath";
				INFOPLIST_FILE = SwiftyBox/Info.plist;
				INSTALL_PATH = "$(LOCAL_LIBRARY_DIR)/Frameworks";
				IPHONEOS_DEPLOYMENT_TARGET = 9.0;
				LD_RUNPATH_SEARCH_PATHS = "$(inherited) @executable_path/Frameworks @loader_path/Frameworks";
				PRODUCT_BUNDLE_IDENTIFIER = com.wl.SwiftyBox;
				PRODUCT_NAME = "$(TARGET_NAME)";
				SKIP_INSTALL = YES;
				SWIFT_VERSION = 3.0;
			};
			name = Release;
		};
/* End XCBuildConfiguration section */

/* Begin XCConfigurationList section */
		77D579071E8DEE2C0006F0E6 /* Build configuration list for PBXProject "SwiftyCss" */ = {
			isa = XCConfigurationList;
			buildConfigurations = (
				77D579131E8DEE2C0006F0E6 /* Debug */,
				77D579141E8DEE2C0006F0E6 /* Release */,
			);
			defaultConfigurationIsVisible = 0;
			defaultConfigurationName = Release;
		};
		77D579151E8DEE2C0006F0E6 /* Build configuration list for PBXNativeTarget "SwiftyCss" */ = {
			isa = XCConfigurationList;
			buildConfigurations = (
				77D579161E8DEE2C0006F0E6 /* Debug */,
				77D579171E8DEE2C0006F0E6 /* Release */,
			);
			defaultConfigurationIsVisible = 0;
			defaultConfigurationName = Release;
		};
		77D579471E8DEFD50006F0E6 /* Build configuration list for PBXNativeTarget "SwiftyNode" */ = {
			isa = XCConfigurationList;
			buildConfigurations = (
				77D579481E8DEFD50006F0E6 /* Debug */,
				77D579491E8DEFD50006F0E6 /* Release */,
			);
			defaultConfigurationIsVisible = 0;
			defaultConfigurationName = Release;
		};
		77D579541E8DEFEA0006F0E6 /* Build configuration list for PBXNativeTarget "SwiftyBox" */ = {
			isa = XCConfigurationList;
			buildConfigurations = (
				77D579551E8DEFEA0006F0E6 /* Debug */,
				77D579561E8DEFEA0006F0E6 /* Release */,
			);
			defaultConfigurationIsVisible = 0;
			defaultConfigurationName = Release;
		};
/* End XCConfigurationList section */
	};
	rootObject = 77D579041E8DEE2C0006F0E6 /* Project object */;
}
